
Microsoft Visual Studio Solution File, Format Version 12.00
# Visual Studio Version 16
VisualStudioVersion = 16.0.28803.352
MinimumVisualStudioVersion = 10.0.40219.1
Project("{2150E333-8FDC-42A3-9474-1A3956D46DE8}") = "dsc", "dsc", "{868310CD-F9E9-485D-9A6D-706617DE4040}"
EndProject
Project("{8BC9CEB8-8B4A-11D0-8D11-00A0C91BC942}") = "dsc_app", "dsc\ide\dsc_app.vcxproj", "{38CF7CE3-6AB4-4E70-9B4D-EF4EE3595E50}"
EndProject
Project("{8BC9CEB8-8B4A-11D0-8D11-00A0C91BC942}") = "dsc", "dsc\ide\dsc.vcxproj", "{1CC0F6D5-713A-468E-9AF8-F3E85CECB465}"
EndProject
Project("{2150E333-8FDC-42A3-9474-1A3956D46DE8}") = "vbh_comm", "vbh_comm", "{A14FBAFB-4A58-4ACF-A82C-82500ABDFDB9}"
EndProject
Project("{2150E333-8FDC-42A3-9474-1A3956D46DE8}") = "vbh_server", "vbh_server", "{CF657FCD-E470-487D-9F2C-45DA8D772020}"
EndProject
Project("{8BC9CEB8-8B4A-11D0-8D11-00A0C91BC942}") = "vbh_comm", "vbh_comm\vbh_comm.vcxproj", "{45D67A15-3F79-404D-B6F8-6C7CAE8C6408}"
EndProject
Project("{2150E333-8FDC-42A3-9474-1A3956D46DE8}") = "vbh_server_comm", "vbh_server_comm", "{6A4B968E-9AD1-4B59-BDE7-3B31AE3D785D}"
EndProject
Project("{2150E333-8FDC-42A3-9474-1A3956D46DE8}") = "order", "order", "{F5CDF041-5CFC-40A7-9691-B94123A6B016}"
EndProject
Project("{8BC9CEB8-8B4A-11D0-8D11-00A0C91BC942}") = "vbh_server_comm", "vbh_server\vbh_server_comm\vbh_server_comm.vcxproj", "{81BE75BF-F4EB-40B1-86E4-9C3BAB874C45}"
EndProject
Project("{2150E333-8FDC-42A3-9474-1A3956D46DE8}") = "plugin", "plugin", "{1CE8352C-D6E7-4078-92AA-0FD64AB1DB6D}"
EndProject
Project("{8BC9CEB8-8B4A-11D0-8D11-00A0C91BC942}") = "ord_cps", "vbh_server\order\plugin\ord_cps\ord_cps.vcxproj", "{3D38D81B-4A0B-411C-BD12-46741990F44F}"
EndProject
Project("{8BC9CEB8-8B4A-11D0-8D11-00A0C91BC942}") = "ord_app", "vbh_server\order\ord_app\ord_app.vcxproj", "{B0F6DBBF-6DB8-48E3-B0E3-45A0415154E0}"
EndProject
Global
	GlobalSection(SolutionConfigurationPlatforms) = preSolution
		Debug|ARM = Debug|ARM
		Debug|ARM64 = Debug|ARM64
		Debug|x64 = Debug|x64
		Debug|x86 = Debug|x86
		MinSizeRel|ARM = MinSizeRel|ARM
		MinSizeRel|ARM64 = MinSizeRel|ARM64
		MinSizeRel|x64 = MinSizeRel|x64
		MinSizeRel|x86 = MinSizeRel|x86
		Release|ARM = Release|ARM
		Release|ARM64 = Release|ARM64
		Release|x64 = Release|x64
		Release|x86 = Release|x86
		RelWithDebInfo|ARM = RelWithDebInfo|ARM
		RelWithDebInfo|ARM64 = RelWithDebInfo|ARM64
		RelWithDebInfo|x64 = RelWithDebInfo|x64
		RelWithDebInfo|x86 = RelWithDebInfo|x86
	EndGlobalSection
	GlobalSection(ProjectConfigurationPlatforms) = postSolution
		{38CF7CE3-6AB4-4E70-9B4D-EF4EE3595E50}.Debug|ARM.ActiveCfg = Debug|Win32
		{38CF7CE3-6AB4-4E70-9B4D-EF4EE3595E50}.Debug|ARM64.ActiveCfg = Debug|Win32
		{38CF7CE3-6AB4-4E70-9B4D-EF4EE3595E50}.Debug|x64.ActiveCfg = Debug|x64
		{38CF7CE3-6AB4-4E70-9B4D-EF4EE3595E50}.Debug|x64.Build.0 = Debug|x64
		{38CF7CE3-6AB4-4E70-9B4D-EF4EE3595E50}.Debug|x86.ActiveCfg = Debug|Win32
		{38CF7CE3-6AB4-4E70-9B4D-EF4EE3595E50}.Debug|x86.Build.0 = Debug|Win32
		{38CF7CE3-6AB4-4E70-9B4D-EF4EE3595E50}.MinSizeRel|ARM.ActiveCfg = Release|Win32
		{38CF7CE3-6AB4-4E70-9B4D-EF4EE3595E50}.MinSizeRel|ARM.Build.0 = Release|Win32
		{38CF7CE3-6AB4-4E70-9B4D-EF4EE3595E50}.MinSizeRel|ARM64.ActiveCfg = Release|Win32
		{38CF7CE3-6AB4-4E70-9B4D-EF4EE3595E50}.MinSizeRel|ARM64.Build.0 = Release|Win32
		{38CF7CE3-6AB4-4E70-9B4D-EF4EE3595E50}.MinSizeRel|x64.ActiveCfg = Release|x64
		{38CF7CE3-6AB4-4E70-9B4D-EF4EE3595E50}.MinSizeRel|x64.Build.0 = Release|x64
		{38CF7CE3-6AB4-4E70-9B4D-EF4EE3595E50}.MinSizeRel|x86.ActiveCfg = Release|Win32
		{38CF7CE3-6AB4-4E70-9B4D-EF4EE3595E50}.MinSizeRel|x86.Build.0 = Release|Win32
		{38CF7CE3-6AB4-4E70-9B4D-EF4EE3595E50}.Release|ARM.ActiveCfg = Release|Win32
		{38CF7CE3-6AB4-4E70-9B4D-EF4EE3595E50}.Release|ARM64.ActiveCfg = Release|Win32
		{38CF7CE3-6AB4-4E70-9B4D-EF4EE3595E50}.Release|x64.ActiveCfg = Release|x64
		{38CF7CE3-6AB4-4E70-9B4D-EF4EE3595E50}.Release|x64.Build.0 = Release|x64
		{38CF7CE3-6AB4-4E70-9B4D-EF4EE3595E50}.Release|x86.ActiveCfg = Release|Win32
		{38CF7CE3-6AB4-4E70-9B4D-EF4EE3595E50}.Release|x86.Build.0 = Release|Win32
		{38CF7CE3-6AB4-4E70-9B4D-EF4EE3595E50}.RelWithDebInfo|ARM.ActiveCfg = Release|Win32
		{38CF7CE3-6AB4-4E70-9B4D-EF4EE3595E50}.RelWithDebInfo|ARM.Build.0 = Release|Win32
		{38CF7CE3-6AB4-4E70-9B4D-EF4EE3595E50}.RelWithDebInfo|ARM64.ActiveCfg = Release|Win32
		{38CF7CE3-6AB4-4E70-9B4D-EF4EE3595E50}.RelWithDebInfo|ARM64.Build.0 = Release|Win32
		{38CF7CE3-6AB4-4E70-9B4D-EF4EE3595E50}.RelWithDebInfo|x64.ActiveCfg = Release|x64
		{38CF7CE3-6AB4-4E70-9B4D-EF4EE3595E50}.RelWithDebInfo|x64.Build.0 = Release|x64
		{38CF7CE3-6AB4-4E70-9B4D-EF4EE3595E50}.RelWithDebInfo|x86.ActiveCfg = Release|Win32
		{38CF7CE3-6AB4-4E70-9B4D-EF4EE3595E50}.RelWithDebInfo|x86.Build.0 = Release|Win32
		{1CC0F6D5-713A-468E-9AF8-F3E85CECB465}.Debug|ARM.ActiveCfg = Debug|Win32
		{1CC0F6D5-713A-468E-9AF8-F3E85CECB465}.Debug|ARM64.ActiveCfg = Debug|Win32
		{1CC0F6D5-713A-468E-9AF8-F3E85CECB465}.Debug|x64.ActiveCfg = Debug|x64
		{1CC0F6D5-713A-468E-9AF8-F3E85CECB465}.Debug|x64.Build.0 = Debug|x64
		{1CC0F6D5-713A-468E-9AF8-F3E85CECB465}.Debug|x86.ActiveCfg = Debug|Win32
		{1CC0F6D5-713A-468E-9AF8-F3E85CECB465}.Debug|x86.Build.0 = Debug|Win32
		{1CC0F6D5-713A-468E-9AF8-F3E85CECB465}.MinSizeRel|ARM.ActiveCfg = Release|Win32
		{1CC0F6D5-713A-468E-9AF8-F3E85CECB465}.MinSizeRel|ARM.Build.0 = Release|Win32
		{1CC0F6D5-713A-468E-9AF8-F3E85CECB465}.MinSizeRel|ARM64.ActiveCfg = Release|Win32
		{1CC0F6D5-713A-468E-9AF8-F3E85CECB465}.MinSizeRel|ARM64.Build.0 = Release|Win32
		{1CC0F6D5-713A-468E-9AF8-F3E85CECB465}.MinSizeRel|x64.ActiveCfg = Release|x64
		{1CC0F6D5-713A-468E-9AF8-F3E85CECB465}.MinSizeRel|x64.Build.0 = Release|x64
		{1CC0F6D5-713A-468E-9AF8-F3E85CECB465}.MinSizeRel|x86.ActiveCfg = Release|Win32
		{1CC0F6D5-713A-468E-9AF8-F3E85CECB465}.MinSizeRel|x86.Build.0 = Release|Win32
		{1CC0F6D5-713A-468E-9AF8-F3E85CECB465}.Release|ARM.ActiveCfg = Release|Win32
		{1CC0F6D5-713A-468E-9AF8-F3E85CECB465}.Release|ARM64.ActiveCfg = Release|Win32
		{1CC0F6D5-713A-468E-9AF8-F3E85CECB465}.Release|x64.ActiveCfg = Release|x64
		{1CC0F6D5-713A-468E-9AF8-F3E85CECB465}.Release|x64.Build.0 = Release|x64
		{1CC0F6D5-713A-468E-9AF8-F3E85CECB465}.Release|x86.ActiveCfg = Release|Win32
		{1CC0F6D5-713A-468E-9AF8-F3E85CECB465}.Release|x86.Build.0 = Release|Win32
		{1CC0F6D5-713A-468E-9AF8-F3E85CECB465}.RelWithDebInfo|ARM.ActiveCfg = Release|Win32
		{1CC0F6D5-713A-468E-9AF8-F3E85CECB465}.RelWithDebInfo|ARM.Build.0 = Release|Win32
		{1CC0F6D5-713A-468E-9AF8-F3E85CECB465}.RelWithDebInfo|ARM64.ActiveCfg = Release|Win32
		{1CC0F6D5-713A-468E-9AF8-F3E85CECB465}.RelWithDebInfo|ARM64.Build.0 = Release|Win32
		{1CC0F6D5-713A-468E-9AF8-F3E85CECB465}.RelWithDebInfo|x64.ActiveCfg = Release|x64
		{1CC0F6D5-713A-468E-9AF8-F3E85CECB465}.RelWithDebInfo|x64.Build.0 = Release|x64
		{1CC0F6D5-713A-468E-9AF8-F3E85CECB465}.RelWithDebInfo|x86.ActiveCfg = Release|Win32
		{1CC0F6D5-713A-468E-9AF8-F3E85CECB465}.RelWithDebInfo|x86.Build.0 = Release|Win32
		{45D67A15-3F79-404D-B6F8-6C7CAE8C6408}.Debug|ARM.ActiveCfg = Debug|Win32
		{45D67A15-3F79-404D-B6F8-6C7CAE8C6408}.Debug|ARM64.ActiveCfg = Debug|Win32
		{45D67A15-3F79-404D-B6F8-6C7CAE8C6408}.Debug|x64.ActiveCfg = Debug|x64
		{45D67A15-3F79-404D-B6F8-6C7CAE8C6408}.Debug|x64.Build.0 = Debug|x64
		{45D67A15-3F79-404D-B6F8-6C7CAE8C6408}.Debug|x86.ActiveCfg = Debug|Win32
		{45D67A15-3F79-404D-B6F8-6C7CAE8C6408}.Debug|x86.Build.0 = Debug|Win32
		{45D67A15-3F79-404D-B6F8-6C7CAE8C6408}.MinSizeRel|ARM.ActiveCfg = Release|Win32
		{45D67A15-3F79-404D-B6F8-6C7CAE8C6408}.MinSizeRel|ARM.Build.0 = Release|Win32
		{45D67A15-3F79-404D-B6F8-6C7CAE8C6408}.MinSizeRel|ARM64.ActiveCfg = Release|Win32
		{45D67A15-3F79-404D-B6F8-6C7CAE8C6408}.MinSizeRel|ARM64.Build.0 = Release|Win32
		{45D67A15-3F79-404D-B6F8-6C7CAE8C6408}.MinSizeRel|x64.ActiveCfg = Release|x64
		{45D67A15-3F79-404D-B6F8-6C7CAE8C6408}.MinSizeRel|x64.Build.0 = Release|x64
		{45D67A15-3F79-404D-B6F8-6C7CAE8C6408}.MinSizeRel|x86.ActiveCfg = Release|Win32
		{45D67A15-3F79-404D-B6F8-6C7CAE8C6408}.MinSizeRel|x86.Build.0 = Release|Win32
		{45D67A15-3F79-404D-B6F8-6C7CAE8C6408}.Release|ARM.ActiveCfg = Release|Win32
		{45D67A15-3F79-404D-B6F8-6C7CAE8C6408}.Release|ARM64.ActiveCfg = Release|Win32
		{45D67A15-3F79-404D-B6F8-6C7CAE8C6408}.Release|x64.ActiveCfg = Release|x64
		{45D67A15-3F79-404D-B6F8-6C7CAE8C6408}.Release|x64.Build.0 = Release|x64
		{45D67A15-3F79-404D-B6F8-6C7CAE8C6408}.Release|x86.ActiveCfg = Release|Win32
		{45D67A15-3F79-404D-B6F8-6C7CAE8C6408}.Release|x86.Build.0 = Release|Win32
		{45D67A15-3F79-404D-B6F8-6C7CAE8C6408}.RelWithDebInfo|ARM.ActiveCfg = Release|Win32
		{45D67A15-3F79-404D-B6F8-6C7CAE8C6408}.RelWithDebInfo|ARM.Build.0 = Release|Win32
		{45D67A15-3F79-404D-B6F8-6C7CAE8C6408}.RelWithDebInfo|ARM64.ActiveCfg = Release|Win32
		{45D67A15-3F79-404D-B6F8-6C7CAE8C6408}.RelWithDebInfo|ARM64.Build.0 = Release|Win32
		{45D67A15-3F79-404D-B6F8-6C7CAE8C6408}.RelWithDebInfo|x64.ActiveCfg = Release|x64
		{45D67A15-3F79-404D-B6F8-6C7CAE8C6408}.RelWithDebInfo|x64.Build.0 = Release|x64
		{45D67A15-3F79-404D-B6F8-6C7CAE8C6408}.RelWithDebInfo|x86.ActiveCfg = Release|Win32
		{45D67A15-3F79-404D-B6F8-6C7CAE8C6408}.RelWithDebInfo|x86.Build.0 = Release|Win32
		{81BE75BF-F4EB-40B1-86E4-9C3BAB874C45}.Debug|ARM.ActiveCfg = Debug|Win32
		{81BE75BF-F4EB-40B1-86E4-9C3BAB874C45}.Debug|ARM64.ActiveCfg = Debug|Win32
		{81BE75BF-F4EB-40B1-86E4-9C3BAB874C45}.Debug|x64.ActiveCfg = Debug|x64
		{81BE75BF-F4EB-40B1-86E4-9C3BAB874C45}.Debug|x64.Build.0 = Debug|x64
		{81BE75BF-F4EB-40B1-86E4-9C3BAB874C45}.Debug|x86.ActiveCfg = Debug|Win32
		{81BE75BF-F4EB-40B1-86E4-9C3BAB874C45}.Debug|x86.Build.0 = Debug|Win32
		{81BE75BF-F4EB-40B1-86E4-9C3BAB874C45}.MinSizeRel|ARM.ActiveCfg = Release|Win32
		{81BE75BF-F4EB-40B1-86E4-9C3BAB874C45}.MinSizeRel|ARM.Build.0 = Release|Win32
		{81BE75BF-F4EB-40B1-86E4-9C3BAB874C45}.MinSizeRel|ARM64.ActiveCfg = Release|Win32
		{81BE75BF-F4EB-40B1-86E4-9C3BAB874C45}.MinSizeRel|ARM64.Build.0 = Release|Win32
		{81BE75BF-F4EB-40B1-86E4-9C3BAB874C45}.MinSizeRel|x64.ActiveCfg = Release|x64
		{81BE75BF-F4EB-40B1-86E4-9C3BAB874C45}.MinSizeRel|x64.Build.0 = Release|x64
		{81BE75BF-F4EB-40B1-86E4-9C3BAB874C45}.MinSizeRel|x86.ActiveCfg = Release|Win32
		{81BE75BF-F4EB-40B1-86E4-9C3BAB874C45}.MinSizeRel|x86.Build.0 = Release|Win32
		{81BE75BF-F4EB-40B1-86E4-9C3BAB874C45}.Release|ARM.ActiveCfg = Release|Win32
		{81BE75BF-F4EB-40B1-86E4-9C3BAB874C45}.Release|ARM64.ActiveCfg = Release|Win32
		{81BE75BF-F4EB-40B1-86E4-9C3BAB874C45}.Release|x64.ActiveCfg = Release|x64
		{81BE75BF-F4EB-40B1-86E4-9C3BAB874C45}.Release|x64.Build.0 = Release|x64
		{81BE75BF-F4EB-40B1-86E4-9C3BAB874C45}.Release|x86.ActiveCfg = Release|Win32
		{81BE75BF-F4EB-40B1-86E4-9C3BAB874C45}.Release|x86.Build.0 = Release|Win32
		{81BE75BF-F4EB-40B1-86E4-9C3BAB874C45}.RelWithDebInfo|ARM.ActiveCfg = Release|Win32
		{81BE75BF-F4EB-40B1-86E4-9C3BAB874C45}.RelWithDebInfo|ARM.Build.0 = Release|Win32
		{81BE75BF-F4EB-40B1-86E4-9C3BAB874C45}.RelWithDebInfo|ARM64.ActiveCfg = Release|Win32
		{81BE75BF-F4EB-40B1-86E4-9C3BAB874C45}.RelWithDebInfo|ARM64.Build.0 = Release|Win32
		{81BE75BF-F4EB-40B1-86E4-9C3BAB874C45}.RelWithDebInfo|x64.ActiveCfg = Release|x64
		{81BE75BF-F4EB-40B1-86E4-9C3BAB874C45}.RelWithDebInfo|x64.Build.0 = Release|x64
		{81BE75BF-F4EB-40B1-86E4-9C3BAB874C45}.RelWithDebInfo|x86.ActiveCfg = Release|Win32
		{81BE75BF-F4EB-40B1-86E4-9C3BAB874C45}.RelWithDebInfo|x86.Build.0 = Release|Win32
		{3D38D81B-4A0B-411C-BD12-46741990F44F}.Debug|ARM.ActiveCfg = Debug|Win32
		{3D38D81B-4A0B-411C-BD12-46741990F44F}.Debug|ARM64.ActiveCfg = Debug|Win32
		{3D38D81B-4A0B-411C-BD12-46741990F44F}.Debug|x64.ActiveCfg = Debug|x64
		{3D38D81B-4A0B-411C-BD12-46741990F44F}.Debug|x64.Build.0 = Debug|x64
		{3D38D81B-4A0B-411C-BD12-46741990F44F}.Debug|x86.ActiveCfg = Debug|Win32
		{3D38D81B-4A0B-411C-BD12-46741990F44F}.Debug|x86.Build.0 = Debug|Win32
		{3D38D81B-4A0B-411C-BD12-46741990F44F}.MinSizeRel|ARM.ActiveCfg = Release|Win32
		{3D38D81B-4A0B-411C-BD12-46741990F44F}.MinSizeRel|ARM.Build.0 = Release|Win32
		{3D38D81B-4A0B-411C-BD12-46741990F44F}.MinSizeRel|ARM64.ActiveCfg = Release|Win32
		{3D38D81B-4A0B-411C-BD12-46741990F44F}.MinSizeRel|ARM64.Build.0 = Release|Win32
		{3D38D81B-4A0B-411C-BD12-46741990F44F}.MinSizeRel|x64.ActiveCfg = Release|x64
		{3D38D81B-4A0B-411C-BD12-46741990F44F}.MinSizeRel|x64.Build.0 = Release|x64
		{3D38D81B-4A0B-411C-BD12-46741990F44F}.MinSizeRel|x86.ActiveCfg = Release|Win32
		{3D38D81B-4A0B-411C-BD12-46741990F44F}.MinSizeRel|x86.Build.0 = Release|Win32
		{3D38D81B-4A0B-411C-BD12-46741990F44F}.Release|ARM.ActiveCfg = Release|Win32
		{3D38D81B-4A0B-411C-BD12-46741990F44F}.Release|ARM64.ActiveCfg = Release|Win32
		{3D38D81B-4A0B-411C-BD12-46741990F44F}.Release|x64.ActiveCfg = Release|x64
		{3D38D81B-4A0B-411C-BD12-46741990F44F}.Release|x64.Build.0 = Release|x64
		{3D38D81B-4A0B-411C-BD12-46741990F44F}.Release|x86.ActiveCfg = Release|Win32
		{3D38D81B-4A0B-411C-BD12-46741990F44F}.Release|x86.Build.0 = Release|Win32
		{3D38D81B-4A0B-411C-BD12-46741990F44F}.RelWithDebInfo|ARM.ActiveCfg = Release|Win32
		{3D38D81B-4A0B-411C-BD12-46741990F44F}.RelWithDebInfo|ARM.Build.0 = Release|Win32
		{3D38D81B-4A0B-411C-BD12-46741990F44F}.RelWithDebInfo|ARM64.ActiveCfg = Release|Win32
		{3D38D81B-4A0B-411C-BD12-46741990F44F}.RelWithDebInfo|ARM64.Build.0 = Release|Win32
		{3D38D81B-4A0B-411C-BD12-46741990F44F}.RelWithDebInfo|x64.ActiveCfg = Release|x64
		{3D38D81B-4A0B-411C-BD12-46741990F44F}.RelWithDebInfo|x64.Build.0 = Release|x64
		{3D38D81B-4A0B-411C-BD12-46741990F44F}.RelWithDebInfo|x86.ActiveCfg = Release|Win32
		{3D38D81B-4A0B-411C-BD12-46741990F44F}.RelWithDebInfo|x86.Build.0 = Release|Win32
		{B0F6DBBF-6DB8-48E3-B0E3-45A0415154E0}.Debug|ARM.ActiveCfg = Debug|Win32
		{B0F6DBBF-6DB8-48E3-B0E3-45A0415154E0}.Debug|ARM64.ActiveCfg = Debug|Win32
		{B0F6DBBF-6DB8-48E3-B0E3-45A0415154E0}.Debug|x64.ActiveCfg = Debug|x64
		{B0F6DBBF-6DB8-48E3-B0E3-45A0415154E0}.Debug|x64.Build.0 = Debug|x64
		{B0F6DBBF-6DB8-48E3-B0E3-45A0415154E0}.Debug|x86.ActiveCfg = Debug|Win32
		{B0F6DBBF-6DB8-48E3-B0E3-45A0415154E0}.Debug|x86.Build.0 = Debug|Win32
		{B0F6DBBF-6DB8-48E3-B0E3-45A0415154E0}.MinSizeRel|ARM.ActiveCfg = Release|Win32
		{B0F6DBBF-6DB8-48E3-B0E3-45A0415154E0}.MinSizeRel|ARM.Build.0 = Release|Win32
		{B0F6DBBF-6DB8-48E3-B0E3-45A0415154E0}.MinSizeRel|ARM64.ActiveCfg = Release|Win32
		{B0F6DBBF-6DB8-48E3-B0E3-45A0415154E0}.MinSizeRel|ARM64.Build.0 = Release|Win32
		{B0F6DBBF-6DB8-48E3-B0E3-45A0415154E0}.MinSizeRel|x64.ActiveCfg = Release|x64
		{B0F6DBBF-6DB8-48E3-B0E3-45A0415154E0}.MinSizeRel|x64.Build.0 = Release|x64
		{B0F6DBBF-6DB8-48E3-B0E3-45A0415154E0}.MinSizeRel|x86.ActiveCfg = Release|Win32
		{B0F6DBBF-6DB8-48E3-B0E3-45A0415154E0}.MinSizeRel|x86.Build.0 = Release|Win32
		{B0F6DBBF-6DB8-48E3-B0E3-45A0415154E0}.Release|ARM.ActiveCfg = Release|Win32
		{B0F6DBBF-6DB8-48E3-B0E3-45A0415154E0}.Release|ARM64.ActiveCfg = Release|Win32
		{B0F6DBBF-6DB8-48E3-B0E3-45A0415154E0}.Release|x64.ActiveCfg = Release|x64
		{B0F6DBBF-6DB8-48E3-B0E3-45A0415154E0}.Release|x64.Build.0 = Release|x64
		{B0F6DBBF-6DB8-48E3-B0E3-45A0415154E0}.Release|x86.ActiveCfg = Release|Win32
		{B0F6DBBF-6DB8-48E3-B0E3-45A0415154E0}.Release|x86.Build.0 = Release|Win32
		{B0F6DBBF-6DB8-48E3-B0E3-45A0415154E0}.RelWithDebInfo|ARM.ActiveCfg = Release|Win32
		{B0F6DBBF-6DB8-48E3-B0E3-45A0415154E0}.RelWithDebInfo|ARM.Build.0 = Release|Win32
		{B0F6DBBF-6DB8-48E3-B0E3-45A0415154E0}.RelWithDebInfo|ARM64.ActiveCfg = Release|Win32
		{B0F6DBBF-6DB8-48E3-B0E3-45A0415154E0}.RelWithDebInfo|ARM64.Build.0 = Release|Win32
		{B0F6DBBF-6DB8-48E3-B0E3-45A0415154E0}.RelWithDebInfo|x64.ActiveCfg = Release|x64
		{B0F6DBBF-6DB8-48E3-B0E3-45A0415154E0}.RelWithDebInfo|x64.Build.0 = Release|x64
		{B0F6DBBF-6DB8-48E3-B0E3-45A0415154E0}.RelWithDebInfo|x86.ActiveCfg = Release|Win32
		{B0F6DBBF-6DB8-48E3-B0E3-45A0415154E0}.RelWithDebInfo|x86.Build.0 = Release|Win32
	EndGlobalSection
	GlobalSection(SolutionProperties) = preSolution
		HideSolutionNode = FALSE
	EndGlobalSection
	GlobalSection(NestedProjects) = preSolution
		{38CF7CE3-6AB4-4E70-9B4D-EF4EE3595E50} = {868310CD-F9E9-485D-9A6D-706617DE4040}
		{1CC0F6D5-713A-468E-9AF8-F3E85CECB465} = {868310CD-F9E9-485D-9A6D-706617DE4040}
		{45D67A15-3F79-404D-B6F8-6C7CAE8C6408} = {A14FBAFB-4A58-4ACF-A82C-82500ABDFDB9}
		{6A4B968E-9AD1-4B59-BDE7-3B31AE3D785D} = {CF657FCD-E470-487D-9F2C-45DA8D772020}
		{F5CDF041-5CFC-40A7-9691-B94123A6B016} = {CF657FCD-E470-487D-9F2C-45DA8D772020}
		{81BE75BF-F4EB-40B1-86E4-9C3BAB874C45} = {6A4B968E-9AD1-4B59-BDE7-3B31AE3D785D}
		{1CE8352C-D6E7-4078-92AA-0FD64AB1DB6D} = {F5CDF041-5CFC-40A7-9691-B94123A6B016}
		{3D38D81B-4A0B-411C-BD12-46741990F44F} = {1CE8352C-D6E7-4078-92AA-0FD64AB1DB6D}
		{B0F6DBBF-6DB8-48E3-B0E3-45A0415154E0} = {F5CDF041-5CFC-40A7-9691-B94123A6B016}
	EndGlobalSection
	GlobalSection(ExtensibilityGlobals) = postSolution
		SolutionGuid = {25CD4B8C-5847-4405-ACD0-52460BB380D1}
	EndGlobalSection
	GlobalSection(Performance) = preSolution
		HasPerformanceSessions = true
	EndGlobalSection
EndGlobal
